{
  "requires": true,
  "lockfileVersion": 1,
  "dependencies": {
    "intl-tel-input": {
      "version": "16.0.4",
      "resolved": "https://registry.npmjs.org/intl-tel-input/-/intl-tel-input-16.0.4.tgz",
      "integrity": "sha512-uZ2+LNFa2foTo/aGj1Tkj/CDH5qSrqaLFP+FtuOjjZ9OvBuApEFgq12sMyDl+9Upr9devcbliJuAA4TJ7LsRYA=="
    }
  }
}
